
Microsoft Visual Studio Solution File, Format Version 12.00
# Visual Studio Version 16
VisualStudioVersion = 16.0.32802.440
MinimumVisualStudioVersion = 10.0.40219.1
Project("{9A19103F-16F7-4668-BE54-9A1E7A4F7556}") = "OOPLab6Arv", "OOP Lab 6 – Arv\OOPLab6Arv.csproj", "{FF8E14BF-521F-47BB-8637-766235BCE503}"
EndProject
Global
	GlobalSection(SolutionConfigurationPlatforms) = preSolution
		Debug|Any CPU = Debug|Any CPU
		Release|Any CPU = Release|Any CPU
	EndGlobalSection
	GlobalSection(ProjectConfigurationPlatforms) = postSolution
		{FF8E14BF-521F-47BB-8637-766235BCE503}.Debug|Any CPU.ActiveCfg = Debug|Any CPU
		{FF8E14BF-521F-47BB-8637-766235BCE503}.Debug|Any CPU.Build.0 = Debug|Any CPU
		{FF8E14BF-521F-47BB-8637-766235BCE503}.Release|Any CPU.ActiveCfg = Release|Any CPU
		{FF8E14BF-521F-47BB-8637-766235BCE503}.Release|Any CPU.Build.0 = Release|Any CPU
	EndGlobalSection
	GlobalSection(SolutionProperties) = preSolution
		HideSolutionNode = FALSE
	EndGlobalSection
	GlobalSection(ExtensibilityGlobals) = postSolution
		SolutionGuid = {694B0183-B370-4CFE-9D7D-FD67952C146E}
	EndGlobalSection
EndGlobal
